
Microsoft Visual Studio Solution File, Format Version 12.00
# Visual Studio Version 17
VisualStudioVersion = 17.1.32328.378
MinimumVisualStudioVersion = 10.0.40219.1
Project("{FAE04EC0-301F-11D3-BF4B-00C04F79EFBC}") = "XML Work console", "XML Work console\XML Work console.csproj", "{3D3300D7-6B39-410B-B57B-9DF40A92A005}"
EndProject
Global
	GlobalSection(SolutionConfigurationPlatforms) = preSolution
		Debug|Any CPU = Debug|Any CPU
		Release|Any CPU = Release|Any CPU
	EndGlobalSection
	GlobalSection(ProjectConfigurationPlatforms) = postSolution
		{3D3300D7-6B39-410B-B57B-9DF40A92A005}.Debug|Any CPU.ActiveCfg = Debug|Any CPU
		{3D3300D7-6B39-410B-B57B-9DF40A92A005}.Debug|Any CPU.Build.0 = Debug|Any CPU
		{3D3300D7-6B39-410B-B57B-9DF40A92A005}.Release|Any CPU.ActiveCfg = Release|Any CPU
		{3D3300D7-6B39-410B-B57B-9DF40A92A005}.Release|Any CPU.Build.0 = Release|Any CPU
	EndGlobalSection
	GlobalSection(SolutionProperties) = preSolution
		HideSolutionNode = FALSE
	EndGlobalSection
	GlobalSection(ExtensibilityGlobals) = postSolution
		SolutionGuid = {C9057507-78C3-4EBF-B44A-58F77E3EC19C}
	EndGlobalSection
EndGlobal
